
Microsoft Visual Studio Solution File, Format Version 12.00
Project("{FAE04EC0-301F-11D3-BF4B-00C04F79EFBC}") = "CityInfo.API", "CityInfo.API\CityInfo.API.csproj", "{DAFD5337-E1A1-408C-B8BD-31A85EEA5930}"
EndProject
Project("{FAE04EC0-301F-11D3-BF4B-00C04F79EFBC}") = "CourseLibrary.API", "CourseLibrary.API\CourseLibrary.API.csproj", "{0B997F28-0747-4AFD-A692-9E5B5C07537B}"
EndProject
Project("{2150E333-8FDC-42A3-9474-1A3956D46DE8}") = "EFCorePractice", "EFCorePractice", "{EC53FC9D-C2E4-4987-9B0D-0C16941A9264}"
EndProject
Project("{2150E333-8FDC-42A3-9474-1A3956D46DE8}") = "PublisherApp", "PublisherApp", "{30912C64-E19B-4744-8BD4-49D5A708BEB9}"
EndProject
Project("{FAE04EC0-301F-11D3-BF4B-00C04F79EFBC}") = "PublisherConsole", "PublisherConsole\PublisherConsole.csproj", "{D9E7A9D7-AB89-44C3-87C2-DF6655AB62B9}"
EndProject
Project("{FAE04EC0-301F-11D3-BF4B-00C04F79EFBC}") = "PublisherDomain", "PublisherDomain\PublisherDomain.csproj", "{BF2EFA90-6E81-4463-AF38-FB0460D1237D}"
EndProject
Project("{FAE04EC0-301F-11D3-BF4B-00C04F79EFBC}") = "PublisherData", "PublisherData\PublisherData.csproj", "{A6F0BF00-41D1-492B-9925-D5095DD46624}"
EndProject
Project("{FAE04EC0-301F-11D3-BF4B-00C04F79EFBC}") = "AirVinyl", "AirVinyl\AirVinyl.csproj", "{5A32C172-FA4A-432C-A20C-A1E6D91696BB}"
EndProject
Project("{FAE04EC0-301F-11D3-BF4B-00C04F79EFBC}") = "Library.API", "Library.API\Library.API.csproj", "{D0D6143D-0B1C-4347-B9FC-B2B6324E0235}"
EndProject
Global
	GlobalSection(SolutionConfigurationPlatforms) = preSolution
		Debug|Any CPU = Debug|Any CPU
		Release|Any CPU = Release|Any CPU
	EndGlobalSection
	GlobalSection(ProjectConfigurationPlatforms) = postSolution
		{DAFD5337-E1A1-408C-B8BD-31A85EEA5930}.Debug|Any CPU.ActiveCfg = Debug|Any CPU
		{DAFD5337-E1A1-408C-B8BD-31A85EEA5930}.Debug|Any CPU.Build.0 = Debug|Any CPU
		{DAFD5337-E1A1-408C-B8BD-31A85EEA5930}.Release|Any CPU.ActiveCfg = Release|Any CPU
		{DAFD5337-E1A1-408C-B8BD-31A85EEA5930}.Release|Any CPU.Build.0 = Release|Any CPU
		{0B997F28-0747-4AFD-A692-9E5B5C07537B}.Debug|Any CPU.ActiveCfg = Debug|Any CPU
		{0B997F28-0747-4AFD-A692-9E5B5C07537B}.Debug|Any CPU.Build.0 = Debug|Any CPU
		{0B997F28-0747-4AFD-A692-9E5B5C07537B}.Release|Any CPU.ActiveCfg = Release|Any CPU
		{0B997F28-0747-4AFD-A692-9E5B5C07537B}.Release|Any CPU.Build.0 = Release|Any CPU
		{D9E7A9D7-AB89-44C3-87C2-DF6655AB62B9}.Debug|Any CPU.ActiveCfg = Debug|Any CPU
		{D9E7A9D7-AB89-44C3-87C2-DF6655AB62B9}.Debug|Any CPU.Build.0 = Debug|Any CPU
		{D9E7A9D7-AB89-44C3-87C2-DF6655AB62B9}.Release|Any CPU.ActiveCfg = Release|Any CPU
		{D9E7A9D7-AB89-44C3-87C2-DF6655AB62B9}.Release|Any CPU.Build.0 = Release|Any CPU
		{BF2EFA90-6E81-4463-AF38-FB0460D1237D}.Debug|Any CPU.ActiveCfg = Debug|Any CPU
		{BF2EFA90-6E81-4463-AF38-FB0460D1237D}.Debug|Any CPU.Build.0 = Debug|Any CPU
		{BF2EFA90-6E81-4463-AF38-FB0460D1237D}.Release|Any CPU.ActiveCfg = Release|Any CPU
		{BF2EFA90-6E81-4463-AF38-FB0460D1237D}.Release|Any CPU.Build.0 = Release|Any CPU
		{A6F0BF00-41D1-492B-9925-D5095DD46624}.Debug|Any CPU.ActiveCfg = Debug|Any CPU
		{A6F0BF00-41D1-492B-9925-D5095DD46624}.Debug|Any CPU.Build.0 = Debug|Any CPU
		{A6F0BF00-41D1-492B-9925-D5095DD46624}.Release|Any CPU.ActiveCfg = Release|Any CPU
		{A6F0BF00-41D1-492B-9925-D5095DD46624}.Release|Any CPU.Build.0 = Release|Any CPU
		{5A32C172-FA4A-432C-A20C-A1E6D91696BB}.Debug|Any CPU.ActiveCfg = Debug|Any CPU
		{5A32C172-FA4A-432C-A20C-A1E6D91696BB}.Debug|Any CPU.Build.0 = Debug|Any CPU
		{5A32C172-FA4A-432C-A20C-A1E6D91696BB}.Release|Any CPU.ActiveCfg = Release|Any CPU
		{5A32C172-FA4A-432C-A20C-A1E6D91696BB}.Release|Any CPU.Build.0 = Release|Any CPU
		{D0D6143D-0B1C-4347-B9FC-B2B6324E0235}.Debug|Any CPU.ActiveCfg = Debug|Any CPU
		{D0D6143D-0B1C-4347-B9FC-B2B6324E0235}.Debug|Any CPU.Build.0 = Debug|Any CPU
		{D0D6143D-0B1C-4347-B9FC-B2B6324E0235}.Release|Any CPU.ActiveCfg = Release|Any CPU
		{D0D6143D-0B1C-4347-B9FC-B2B6324E0235}.Release|Any CPU.Build.0 = Release|Any CPU
	EndGlobalSection
	GlobalSection(NestedProjects) = preSolution
		{30912C64-E19B-4744-8BD4-49D5A708BEB9} = {EC53FC9D-C2E4-4987-9B0D-0C16941A9264}
		{D9E7A9D7-AB89-44C3-87C2-DF6655AB62B9} = {30912C64-E19B-4744-8BD4-49D5A708BEB9}
		{BF2EFA90-6E81-4463-AF38-FB0460D1237D} = {30912C64-E19B-4744-8BD4-49D5A708BEB9}
		{A6F0BF00-41D1-492B-9925-D5095DD46624} = {30912C64-E19B-4744-8BD4-49D5A708BEB9}
	EndGlobalSection
EndGlobal
