
Microsoft Visual Studio Solution File, Format Version 12.00
Project("{FAE04EC0-301F-11D3-BF4B-00C04F79EFBC}") = "CityInfo.API", "CityInfo.API\CityInfo.API.csproj", "{DAFD5337-E1A1-408C-B8BD-31A85EEA5930}"
EndProject
Project("{FAE04EC0-301F-11D3-BF4B-00C04F79EFBC}") = "CourseLibrary.API", "CourseLibrary.API\CourseLibrary.API.csproj", "{0B997F28-0747-4AFD-A692-9E5B5C07537B}"
EndProject
Global
	GlobalSection(SolutionConfigurationPlatforms) = preSolution
		Debug|Any CPU = Debug|Any CPU
		Release|Any CPU = Release|Any CPU
	EndGlobalSection
	GlobalSection(ProjectConfigurationPlatforms) = postSolution
		{DAFD5337-E1A1-408C-B8BD-31A85EEA5930}.Debug|Any CPU.ActiveCfg = Debug|Any CPU
		{DAFD5337-E1A1-408C-B8BD-31A85EEA5930}.Debug|Any CPU.Build.0 = Debug|Any CPU
		{DAFD5337-E1A1-408C-B8BD-31A85EEA5930}.Release|Any CPU.ActiveCfg = Release|Any CPU
		{DAFD5337-E1A1-408C-B8BD-31A85EEA5930}.Release|Any CPU.Build.0 = Release|Any CPU
		{0B997F28-0747-4AFD-A692-9E5B5C07537B}.Debug|Any CPU.ActiveCfg = Debug|Any CPU
		{0B997F28-0747-4AFD-A692-9E5B5C07537B}.Debug|Any CPU.Build.0 = Debug|Any CPU
		{0B997F28-0747-4AFD-A692-9E5B5C07537B}.Release|Any CPU.ActiveCfg = Release|Any CPU
		{0B997F28-0747-4AFD-A692-9E5B5C07537B}.Release|Any CPU.Build.0 = Release|Any CPU
	EndGlobalSection
EndGlobal
